
Microsoft Visual Studio Solution File, Format Version 12.00
# Visual Studio 15
VisualStudioVersion = 15.0.28307.705
MinimumVisualStudioVersion = 10.0.40219.1
Project("{FAE04EC0-301F-11D3-BF4B-00C04F79EFBC}") = "DatabaseFirstApproach", "DatabaseFirstApproach\DatabaseFirstApproach.csproj", "{AF0DD577-0303-4B19-AE72-81E2D183300F}"
EndProject
Global
	GlobalSection(SolutionConfigurationPlatforms) = preSolution
		Debug|Any CPU = Debug|Any CPU
		Release|Any CPU = Release|Any CPU
	EndGlobalSection
	GlobalSection(ProjectConfigurationPlatforms) = postSolution
		{AF0DD577-0303-4B19-AE72-81E2D183300F}.Debug|Any CPU.ActiveCfg = Debug|Any CPU
		{AF0DD577-0303-4B19-AE72-81E2D183300F}.Debug|Any CPU.Build.0 = Debug|Any CPU
		{AF0DD577-0303-4B19-AE72-81E2D183300F}.Release|Any CPU.ActiveCfg = Release|Any CPU
		{AF0DD577-0303-4B19-AE72-81E2D183300F}.Release|Any CPU.Build.0 = Release|Any CPU
	EndGlobalSection
	GlobalSection(SolutionProperties) = preSolution
		HideSolutionNode = FALSE
	EndGlobalSection
	GlobalSection(ExtensibilityGlobals) = postSolution
		SolutionGuid = {4F8ED16E-5BC1-42C2-AD77-292B86E32A03}
	EndGlobalSection
EndGlobal
