
Microsoft Visual Studio Solution File, Format Version 12.00
# Visual Studio 15
VisualStudioVersion = 15.0.28307.705
MinimumVisualStudioVersion = 10.0.40219.1
Project("{FAE04EC0-301F-11D3-BF4B-00C04F79EFBC}") = "BINDING ONE COMBO-BOX WITH ANOTHER COMBO-BOX", "BINDING ONE COMBO-BOX WITH ANOTHER COMBO-BOX\BINDING ONE COMBO-BOX WITH ANOTHER COMBO-BOX.csproj", "{408969E0-7FC9-4A9E-940C-6392ED4A6392}"
EndProject
Global
	GlobalSection(SolutionConfigurationPlatforms) = preSolution
		Debug|Any CPU = Debug|Any CPU
		Release|Any CPU = Release|Any CPU
	EndGlobalSection
	GlobalSection(ProjectConfigurationPlatforms) = postSolution
		{408969E0-7FC9-4A9E-940C-6392ED4A6392}.Debug|Any CPU.ActiveCfg = Debug|Any CPU
		{408969E0-7FC9-4A9E-940C-6392ED4A6392}.Debug|Any CPU.Build.0 = Debug|Any CPU
		{408969E0-7FC9-4A9E-940C-6392ED4A6392}.Release|Any CPU.ActiveCfg = Release|Any CPU
		{408969E0-7FC9-4A9E-940C-6392ED4A6392}.Release|Any CPU.Build.0 = Release|Any CPU
	EndGlobalSection
	GlobalSection(SolutionProperties) = preSolution
		HideSolutionNode = FALSE
	EndGlobalSection
	GlobalSection(ExtensibilityGlobals) = postSolution
		SolutionGuid = {52ED3CA0-7E86-45DD-BC01-77ACA2B37D87}
	EndGlobalSection
EndGlobal
